
Microsoft Visual Studio Solution File, Format Version 12.00
Project("{2150E333-8FDC-42A3-9474-1A3956D46DE8}") = "Source", "Source", "{83805931-162B-48C9-84D1-AA57E440A75C}"
EndProject
Project("{2150E333-8FDC-42A3-9474-1A3956D46DE8}") = "Samples", "Samples", "{50792832-35AD-45ED-99B8-B0FCC1888794}"
EndProject
Project("{FAE04EC0-301F-11D3-BF4B-00C04F79EFBC}") = "Ailurus.Kms.Api", "src\Ailurus.Kms.Api\Ailurus.Kms.Api.csproj", "{99DA9C4A-74A2-430F-975A-F8F81926D998}"
EndProject
Global
	GlobalSection(SolutionConfigurationPlatforms) = preSolution
		Debug|Any CPU = Debug|Any CPU
		Release|Any CPU = Release|Any CPU
	EndGlobalSection
	GlobalSection(NestedProjects) = preSolution
		{99DA9C4A-74A2-430F-975A-F8F81926D998} = {83805931-162B-48C9-84D1-AA57E440A75C}
	EndGlobalSection
	GlobalSection(ProjectConfigurationPlatforms) = postSolution
		{99DA9C4A-74A2-430F-975A-F8F81926D998}.Debug|Any CPU.ActiveCfg = Debug|Any CPU
		{99DA9C4A-74A2-430F-975A-F8F81926D998}.Debug|Any CPU.Build.0 = Debug|Any CPU
		{99DA9C4A-74A2-430F-975A-F8F81926D998}.Release|Any CPU.ActiveCfg = Release|Any CPU
		{99DA9C4A-74A2-430F-975A-F8F81926D998}.Release|Any CPU.Build.0 = Release|Any CPU
	EndGlobalSection
EndGlobal
